Microsoft Visual Studio Solution File, Format Version 12.00
# Visual Studio Version 17
VisualStudioVersion = 17.10.34916.146
MinimumVisualStudioVersion = 10.0.40219.1
Project("{F184B08F-C81C-45F6-A57F-5ABD9991F28F}") = "WindowsApplication1", "WindowsApplication1\WindowsApplication1.vbproj", "{4B06D361-B4A2-4824-A81D-7780D90145FF}"
EndProject
Global
	GlobalSection(SolutionConfigurationPlatforms) = preSolution
		Debug|Any CPU = Debug|Any CPU
		Release|Any CPU = Release|Any CPU
	EndGlobalSection
	GlobalSection(ProjectConfigurationPlatforms) = postSolution
		{4B06D361-B4A2-4824-A81D-7780D90145FF}.Debug|Any CPU.ActiveCfg = Debug|Any CPU
		{4B06D361-B4A2-4824-A81D-7780D90145FF}.Debug|Any CPU.Build.0 = Debug|Any CPU
		{4B06D361-B4A2-4824-A81D-7780D90145FF}.Release|Any CPU.ActiveCfg = Release|Any CPU
		{4B06D361-B4A2-4824-A81D-7780D90145FF}.Release|Any CPU.Build.0 = Release|Any CPU
	EndGlobalSection
	GlobalSection(SolutionProperties) = preSolution
		HideSolutionNode = FALSE
	EndGlobalSection
	GlobalSection(ExtensibilityGlobals) = postSolution
		SolutionGuid = {1750A6E8-B0CE-4917-9EBA-3D67F2F23FD0}
	EndGlobalSection
EndGlobal
